// !$*UTF8*$!
{
	archiveVersion = 1;
	classes = {
	};
	objectVersion = 46;
	objects = {

/* Begin PBXBuildFile section */
		250C62071910DB6400A32C3F /* Foundation.framework in Frameworks */ = {isa = PBXBuildFile; fileRef = 250C62061910DB6400A32C3F /* Foundation.framework */; };
		250C62091910DB6400A32C3F /* CoreGraphics.framework in Frameworks */ = {isa = PBXBuildFile; fileRef = 250C62081910DB6400A32C3F /* CoreGraphics.framework */; };
		250C620B1910DB6400A32C3F /* UIKit.framework in Frameworks */ = {isa = PBXBuildFile; fileRef = 250C620A1910DB6400A32C3F /* UIKit.framework */; };
		250C62111910DB6500A32C3F /* InfoPlist.strings in Resources */ = {isa = PBXBuildFile; fileRef = 250C620F1910DB6500A32C3F /* InfoPlist.strings */; };
		250C62131910DB6500A32C3F /* main.m in Sources */ = {isa = PBXBuildFile; fileRef = 250C62121910DB6500A32C3F /* main.m */; };
		250C62171910DB6500A32C3F /* CCAppDelegate.m in Sources */ = {isa = PBXBuildFile; fileRef = 250C62161910DB6500A32C3F /* CCAppDelegate.m */; };
		250C621A1910DB6500A32C3F /* Main.storyboard in Resources */ = {isa = PBXBuildFile; fileRef = 250C62181910DB6500A32C3F /* Main.storyboard */; };
		250C621D1910DB6500A32C3F /* CCViewController.m in Sources */ = {isa = PBXBuildFile; fileRef = 250C621C1910DB6500A32C3F /* CCViewController.m */; };
		250C621F1910DB6500A32C3F /* Images.xcassets in Resources */ = {isa = PBXBuildFile; fileRef = 250C621E1910DB6500A32C3F /* Images.xcassets */; };
		250C62261910DB6500A32C3F /* XCTest.framework in Frameworks */ = {isa = PBXBuildFile; fileRef = 250C62251910DB6500A32C3F /* XCTest.framework */; };
		250C62271910DB6500A32C3F /* Foundation.framework in Frameworks */ = {isa = PBXBuildFile; fileRef = 250C62061910DB6400A32C3F /* Foundation.framework */; };
		250C62281910DB6500A32C3F /* UIKit.framework in Frameworks */ = {isa = PBXBuildFile; fileRef = 250C620A1910DB6400A32C3F /* UIKit.framework */; };
		250C62301910DB6500A32C3F /* InfoPlist.strings in Resources */ = {isa = PBXBuildFile; fileRef = 250C622E1910DB6500A32C3F /* InfoPlist.strings */; };
		250C62321910DB6500A32C3F /* Prereq_Overdue_Task_List_Assignment_SolutionTests.m in Sources */ = {isa = PBXBuildFile; fileRef = 250C62311910DB6500A32C3F /* Prereq_Overdue_Task_List_Assignment_SolutionTests.m */; };
/* End PBXBuildFile section */

/* Begin PBXContainerItemProxy section */
		250C62291910DB6500A32C3F /* PBXContainerItemProxy */ = {
			isa = PBXContainerItemProxy;
			containerPortal = 250C61FB1910DB6400A32C3F /* Project object */;
			proxyType = 1;
			remoteGlobalIDString = 250C62021910DB6400A32C3F;
			remoteInfo = "Prereq Overdue Task List Assignment Solution";
		};
/* End PBXContainerItemProxy section */

/* Begin PBXFileReference section */
		250C62031910DB6400A32C3F /* Prereq Overdue Task List Assignment Solution.app */ = {isa = PBXFileReference; explicitFileType = wrapper.application; includeInIndex = 0; path = "Prereq Overdue Task List Assignment Solution.app"; sourceTree = BUILT_PRODUCTS_DIR; };
		250C62061910DB6400A32C3F /* Foundation.framework */ = {isa = PBXFileReference; lastKnownFileType = wrapper.framework; name = Foundation.framework; path = System/Library/Frameworks/Foundation.framework; sourceTree = SDKROOT; };
		250C62081910DB6400A32C3F /* CoreGraphics.framework */ = {isa = PBXFileReference; lastKnownFileType = wrapper.framework; name = CoreGraphics.framework; path = System/Library/Frameworks/CoreGraphics.framework; sourceTree = SDKROOT; };
		250C620A1910DB6400A32C3F /* UIKit.framework */ = {isa = PBXFileReference; lastKnownFileType = wrapper.framework; name = UIKit.framework; path = System/Library/Frameworks/UIKit.framework; sourceTree = SDKROOT; };
		250C620E1910DB6500A32C3F /* Prereq Overdue Task List Assignment Solution-Info.plist */ = {isa = PBXFileReference; lastKnownFileType = text.plist.xml; path = "Prereq Overdue Task List Assignment Solution-Info.plist"; sourceTree = "<group>"; };
		250C62101910DB6500A32C3F /* en */ = {isa = PBXFileReference; lastKnownFileType = text.plist.strings; name = en; path = en.lproj/InfoPlist.strings; sourceTree = "<group>"; };
		250C62121910DB6500A32C3F /* main.m */ = {isa = PBXFileReference; lastKnownFileType = sourcecode.c.objc; path = main.m; sourceTree = "<group>"; };
		250C62141910DB6500A32C3F /* Prereq Overdue Task List Assignment Solution-Prefix.pch */ = {isa = PBXFileReference; lastKnownFileType = sourcecode.c.h; path = "Prereq Overdue Task List Assignment Solution-Prefix.pch"; sourceTree = "<group>"; };
		250C62151910DB6500A32C3F /* CCAppDelegate.h */ = {isa = PBXFileReference; lastKnownFileType = sourcecode.c.h; path = CCAppDelegate.h; sourceTree = "<group>"; };
		250C62161910DB6500A32C3F /* CCAppDelegate.m */ = {isa = PBXFileReference; lastKnownFileType = sourcecode.c.objc; path = CCAppDelegate.m; sourceTree = "<group>"; };
		250C62191910DB6500A32C3F /* Base */ = {isa = PBXFileReference; lastKnownFileType = file.storyboard; name = Base; path = Base.lproj/Main.storyboard; sourceTree = "<group>"; };
		250C621B1910DB6500A32C3F /* CCViewController.h */ = {isa = PBXFileReference; lastKnownFileType = sourcecode.c.h; path = CCViewController.h; sourceTree = "<group>"; };
		250C621C1910DB6500A32C3F /* CCViewController.m */ = {isa = PBXFileReference; lastKnownFileType = sourcecode.c.objc; path = CCViewController.m; sourceTree = "<group>"; };
		250C621E1910DB6500A32C3F /* Images.xcassets */ = {isa = PBXFileReference; lastKnownFileType = folder.assetcatalog; path = Images.xcassets; sourceTree = "<group>"; };
		250C62241910DB6500A32C3F /* Prereq Overdue Task List Assignment SolutionTests.xctest */ = {isa = PBXFileReference; explicitFileType = wrapper.cfbundle; includeInIndex = 0; path = "Prereq Overdue Task List Assignment SolutionTests.xctest"; sourceTree = BUILT_PRODUCTS_DIR; };
		250C62251910DB6500A32C3F /* XCTest.framework */ = {isa = PBXFileReference; lastKnownFileType = wrapper.framework; name = XCTest.framework; path = Library/Frameworks/XCTest.framework; sourceTree = DEVELOPER_DIR; };
		250C622D1910DB6500A32C3F /* Prereq Overdue Task List Assignment SolutionTests-Info.plist */ = {isa = PBXFileReference; lastKnownFileType = text.plist.xml; path = "Prereq Overdue Task List Assignment SolutionTests-Info.plist"; sourceTree = "<group>"; };
		250C622F1910DB6500A32C3F /* en */ = {isa = PBXFileReference; lastKnownFileType = text.plist.strings; name = en; path = en.lproj/InfoPlist.strings; sourceTree = "<group>"; };
		250C62311910DB6500A32C3F /* Prereq_Overdue_Task_List_Assignment_SolutionTests.m */ = {isa = PBXFileReference; lastKnownFileType = sourcecode.c.objc; path = Prereq_Overdue_Task_List_Assignment_SolutionTests.m; sourceTree = "<group>"; };
/* End PBXFileReference section */

/* Begin PBXFrameworksBuildPhase section */
		250C62001910DB6400A32C3F /* Frameworks */ = {
			isa = PBXFrameworksBuildPhase;
			buildActionMask = 2147483647;
			files = (
				250C62091910DB6400A32C3F /* CoreGraphics.framework in Frameworks */,
				250C620B1910DB6400A32C3F /* UIKit.framework in Frameworks */,
				250C62071910DB6400A32C3F /* Foundation.framework in Frameworks */,
			);
			runOnlyForDeploymentPostprocessing = 0;
		};
		250C62211910DB6500A32C3F /* Frameworks */ = {
			isa = PBXFrameworksBuildPhase;
			buildActionMask = 2147483647;
			files = (
				250C62261910DB6500A32C3F /* XCTest.framework in Frameworks */,
				250C62281910DB6500A32C3F /* UIKit.framework in Frameworks */,
				250C62271910DB6500A32C3F /* Foundation.framework in Frameworks */,
			);
			runOnlyForDeploymentPostprocessing = 0;
		};
/* End PBXFrameworksBuildPhase section */

/* Begin PBXGroup section */
		250C61FA1910DB6400A32C3F = {
			isa = PBXGroup;
			children = (
				250C620C1910DB6500A32C3F /* Prereq Overdue Task List Assignment Solution */,
				250C622B1910DB6500A32C3F /* Prereq Overdue Task List Assignment SolutionTests */,
				250C62051910DB6400A32C3F /* Frameworks */,
				250C62041910DB6400A32C3F /* Products */,
			);
			sourceTree = "<group>";
		};
		250C62041910DB6400A32C3F /* Products */ = {
			isa = PBXGroup;
			children = (
				250C62031910DB6400A32C3F /* Prereq Overdue Task List Assignment Solution.app */,
				250C62241910DB6500A32C3F /* Prereq Overdue Task List Assignment SolutionTests.xctest */,
			);
			name = Products;
			sourceTree = "<group>";
		};
		250C62051910DB6400A32C3F /* Frameworks */ = {
			isa = PBXGroup;
			children = (
				250C62061910DB6400A32C3F /* Foundation.framework */,
				250C62081910DB6400A32C3F /* CoreGraphics.framework */,
				250C620A1910DB6400A32C3F /* UIKit.framework */,
				250C62251910DB6500A32C3F /* XCTest.framework */,
			);
			name = Frameworks;
			sourceTree = "<group>";
		};
		250C620C1910DB6500A32C3F /* Prereq Overdue Task List Assignment Solution */ = {
			isa = PBXGroup;
			children = (
				250C62151910DB6500A32C3F /* CCAppDelegate.h */,
				250C62161910DB6500A32C3F /* CCAppDelegate.m */,
				250C62181910DB6500A32C3F /* Main.storyboard */,
				250C621B1910DB6500A32C3F /* CCViewController.h */,
				250C621C1910DB6500A32C3F /* CCViewController.m */,
				250C621E1910DB6500A32C3F /* Images.xcassets */,
				250C620D1910DB6500A32C3F /* Supporting Files */,
			);
			path = "Prereq Overdue Task List Assignment Solution";
			sourceTree = "<group>";
		};
		250C620D1910DB6500A32C3F /* Supporting Files */ = {
			isa = PBXGroup;
			children = (
				250C620E1910DB6500A32C3F /* Prereq Overdue Task List Assignment Solution-Info.plist */,
				250C620F1910DB6500A32C3F /* InfoPlist.strings */,
				250C62121910DB6500A32C3F /* main.m */,
				250C62141910DB6500A32C3F /* Prereq Overdue Task List Assignment Solution-Prefix.pch */,
			);
			name = "Supporting Files";
			sourceTree = "<group>";
		};
		250C622B1910DB6500A32C3F /* Prereq Overdue Task List Assignment SolutionTests */ = {
			isa = PBXGroup;
			children = (
				250C62311910DB6500A32C3F /* Prereq_Overdue_Task_List_Assignment_SolutionTests.m */,
				250C622C1910DB6500A32C3F /* Supporting Files */,
			);
			path = "Prereq Overdue Task List Assignment SolutionTests";
			sourceTree = "<group>";
		};
		250C622C1910DB6500A32C3F /* Supporting Files */ = {
			isa = PBXGroup;
			children = (
				250C622D1910DB6500A32C3F /* Prereq Overdue Task List Assignment SolutionTests-Info.plist */,
				250C622E1910DB6500A32C3F /* InfoPlist.strings */,
			);
			name = "Supporting Files";
			sourceTree = "<group>";
		};
/* End PBXGroup section */

/* Begin PBXNativeTarget section */
		250C62021910DB6400A32C3F /* Prereq Overdue Task List Assignment Solution */ = {
			isa = PBXNativeTarget;
			buildConfigurationList = 250C62351910DB6500A32C3F /* Build configuration list for PBXNativeTarget "Prereq Overdue Task List Assignment Solution" */;
			buildPhases = (
				250C61FF1910DB6400A32C3F /* Sources */,
				250C62001910DB6400A32C3F /* Frameworks */,
				250C62011910DB6400A32C3F /* Resources */,
			);
			buildRules = (
			);
			dependencies = (
			);
			name = "Prereq Overdue Task List Assignment Solution";
			productName = "Prereq Overdue Task List Assignment Solution";
			productReference = 250C62031910DB6400A32C3F /* Prereq Overdue Task List Assignment Solution.app */;
			productType = "com.apple.product-type.application";
		};
		250C62231910DB6500A32C3F /* Prereq Overdue Task List Assignment SolutionTests */ = {
			isa = PBXNativeTarget;
			buildConfigurationList = 250C62381910DB6500A32C3F /* Build configuration list for PBXNativeTarget "Prereq Overdue Task List Assignment SolutionTests" */;
			buildPhases = (
				250C62201910DB6500A32C3F /* Sources */,
				250C62211910DB6500A32C3F /* Frameworks */,
				250C62221910DB6500A32C3F /* Resources */,
			);
			buildRules = (
			);
			dependencies = (
				250C622A1910DB6500A32C3F /* PBXTargetDependency */,
			);
			name = "Prereq Overdue Task List Assignment SolutionTests";
			productName = "Prereq Overdue Task List Assignment SolutionTests";
			productReference = 250C62241910DB6500A32C3F /* Prereq Overdue Task List Assignment SolutionTests.xctest */;
			productType = "com.apple.product-type.bundle.unit-test";
		};
/* End PBXNativeTarget section */

/* Begin PBXProject section */
		250C61FB1910DB6400A32C3F /* Project object */ = {
			isa = PBXProject;
			attributes = {
				CLASSPREFIX = CC;
				LastUpgradeCheck = 0510;
				ORGANIZATIONNAME = "Code Coalition";
				TargetAttributes = {
					250C62231910DB6500A32C3F = {
						TestTargetID = 250C62021910DB6400A32C3F;
					};
				};
			};
			buildConfigurationList = 250C61FE1910DB6400A32C3F /* Build configuration list for PBXProject "Prereq Overdue Task List Assignment Solution" */;
			compatibilityVersion = "Xcode 3.2";
			developmentRegion = English;
			hasScannedForEncodings = 0;
			knownRegions = (
				en,
				Base,
			);
			mainGroup = 250C61FA1910DB6400A32C3F;
			productRefGroup = 250C62041910DB6400A32C3F /* Products */;
			projectDirPath = "";
			projectRoot = "";
			targets = (
				250C62021910DB6400A32C3F /* Prereq Overdue Task List Assignment Solution */,
				250C62231910DB6500A32C3F /* Prereq Overdue Task List Assignment SolutionTests */,
			);
		};
/* End PBXProject section */

/* Begin PBXResourcesBuildPhase section */
		250C62011910DB6400A32C3F /* Resources */ = {
			isa = PBXResourcesBuildPhase;
			buildActionMask = 2147483647;
			files = (
				250C621F1910DB6500A32C3F /* Images.xcassets in Resources */,
				250C62111910DB6500A32C3F /* InfoPlist.strings in Resources */,
				250C621A1910DB6500A32C3F /* Main.storyboard in Resources */,
			);
			runOnlyForDeploymentPostprocessing = 0;
		};
		250C62221910DB6500A32C3F /* Resources */ = {
			isa = PBXResourcesBuildPhase;
			buildActionMask = 2147483647;
			files = (
				250C62301910DB6500A32C3F /* InfoPlist.strings in Resources */,
			);
			runOnlyForDeploymentPostprocessing = 0;
		};
/* End PBXResourcesBuildPhase section */

/* Begin PBXSourcesBuildPhase section */
		250C61FF1910DB6400A32C3F /* Sources */ = {
			isa = PBXSourcesBuildPhase;
			buildActionMask = 2147483647;
			files = (
				250C62171910DB6500A32C3F /* CCAppDelegate.m in Sources */,
				250C62131910DB6500A32C3F /* main.m in Sources */,
				250C621D1910DB6500A32C3F /* CCViewController.m in Sources */,
			);
			runOnlyForDeploymentPostprocessing = 0;
		};
		250C62201910DB6500A32C3F /* Sources */ = {
			isa = PBXSourcesBuildPhase;
			buildActionMask = 2147483647;
			files = (
				250C62321910DB6500A32C3F /* Prereq_Overdue_Task_List_Assignment_SolutionTests.m in Sources */,
			);
			runOnlyForDeploymentPostprocessing = 0;
		};
/* End PBXSourcesBuildPhase section */

/* Begin PBXTargetDependency section */
		250C622A1910DB6500A32C3F /* PBXTargetDependency */ = {
			isa = PBXTargetDependency;
			target = 250C62021910DB6400A32C3F /* Prereq Overdue Task List Assignment Solution */;
			targetProxy = 250C62291910DB6500A32C3F /* PBXContainerItemProxy */;
		};
/* End PBXTargetDependency section */

/* Begin PBXVariantGroup section */
		250C620F1910DB6500A32C3F /* InfoPlist.strings */ = {
			isa = PBXVariantGroup;
			children = (
				250C62101910DB6500A32C3F /* en */,
			);
			name = InfoPlist.strings;
			sourceTree = "<group>";
		};
		250C62181910DB6500A32C3F /* Main.storyboard */ = {
			isa = PBXVariantGroup;
			children = (
				250C62191910DB6500A32C3F /* Base */,
			);
			name = Main.storyboard;
			sourceTree = "<group>";
		};
		250C622E1910DB6500A32C3F /* InfoPlist.strings */ = {
			isa = PBXVariantGroup;
			children = (
				250C622F1910DB6500A32C3F /* en */,
			);
			name = InfoPlist.strings;
			sourceTree = "<group>";
		};
/* End PBXVariantGroup section */

/* Begin XCBuildConfiguration section */
		250C62331910DB6500A32C3F /* Debug */ = {
			isa = XCBuildConfiguration;
			buildSettings = {
				ALWAYS_SEARCH_USER_PATHS = NO;
				CLANG_CXX_LANGUAGE_STANDARD = "gnu++0x";
				CLANG_CXX_LIBRARY = "libc++";
				CLANG_ENABLE_MODULES = YES;
				CLANG_ENABLE_OBJC_ARC = YES;
				CLANG_WARN_BOOL_CONVERSION = YES;
				CLANG_WARN_CONSTANT_CONVERSION = YES;
				CLANG_WARN_DIRECT_OBJC_ISA_USAGE = YES_ERROR;
				CLANG_WARN_EMPTY_BODY = YES;
				CLANG_WARN_ENUM_CONVERSION = YES;
				CLANG_WARN_INT_CONVERSION = YES;
				CLANG_WARN_OBJC_ROOT_CLASS = YES_ERROR;
				CLANG_WARN__DUPLICATE_METHOD_MATCH = YES;
				"CODE_SIGN_IDENTITY[sdk=iphoneos*]" = "iPhone Developer";
				COPY_PHASE_STRIP = NO;
				GCC_C_LANGUAGE_STANDARD = gnu99;
				GCC_DYNAMIC_NO_PIC = NO;
				GCC_OPTIMIZATION_LEVEL = 0;
				GCC_PREPROCESSOR_DEFINITIONS = (
					"DEBUG=1",
					"$(inherited)",
				);
				GCC_SYMBOLS_PRIVATE_EXTERN = NO;
				GCC_WARN_64_TO_32_BIT_CONVERSION = YES;
				GCC_WARN_ABOUT_RETURN_TYPE = YES_ERROR;
				GCC_WARN_UNDECLARED_SELECTOR = YES;
				GCC_WARN_UNINITIALIZED_AUTOS = YES_AGGRESSIVE;
				GCC_WARN_UNUSED_FUNCTION = YES;
				GCC_WARN_UNUSED_VARIABLE = YES;
				IPHONEOS_DEPLOYMENT_TARGET = 7.1;
				ONLY_ACTIVE_ARCH = YES;
				SDKROOT = iphoneos;
			};
			name = Debug;
		};
		250C62341910DB6500A32C3F /* Release */ = {
			isa = XCBuildConfiguration;
			buildSettings = {
				ALWAYS_SEARCH_USER_PATHS = NO;
				CLANG_CXX_LANGUAGE_STANDARD = "gnu++0x";
				CLANG_CXX_LIBRARY = "libc++";
				CLANG_ENABLE_MODULES = YES;
				CLANG_ENABLE_OBJC_ARC = YES;
				CLANG_WARN_BOOL_CONVERSION = YES;
				CLANG_WARN_CONSTANT_CONVERSION = YES;
				CLANG_WARN_DIRECT_OBJC_ISA_USAGE = YES_ERROR;
				CLANG_WARN_EMPTY_BODY = YES;
				CLANG_WARN_ENUM_CONVERSION = YES;
				CLANG_WARN_INT_CONVERSION = YES;
				CLANG_WARN_OBJC_ROOT_CLASS = YES_ERROR;
				CLANG_WARN__DUPLICATE_METHOD_MATCH = YES;
				"CODE_SIGN_IDENTITY[sdk=iphoneos*]" = "iPhone Developer";
				COPY_PHASE_STRIP = YES;
				ENABLE_NS_ASSERTIONS = NO;
				GCC_C_LANGUAGE_STANDARD = gnu99;
				GCC_WARN_64_TO_32_BIT_CONVERSION = YES;
				GCC_WARN_ABOUT_RETURN_TYPE = YES_ERROR;
				GCC_WARN_UNDECLARED_SELECTOR = YES;
				GCC_WARN_UNINITIALIZED_AUTOS = YES_AGGRESSIVE;
				GCC_WARN_UNUSED_FUNCTION = YES;
				GCC_WARN_UNUSED_VARIABLE = YES;
				IPHONEOS_DEPLOYMENT_TARGET = 7.1;
				SDKROOT = iphoneos;
				VALIDATE_PRODUCT = YES;
			};
			name = Release;
		};
		250C62361910DB6500A32C3F /* Debug */ = {
			isa = XCBuildConfiguration;
			buildSettings = {
				ASSETCATALOG_COMPILER_APPICON_NAME = AppIcon;
				ASSETCATALOG_COMPILER_LAUNCHIMAGE_NAME = LaunchImage;
				GCC_PRECOMPILE_PREFIX_HEADER = YES;
				GCC_PREFIX_HEADER = "Prereq Overdue Task List Assignment Solution/Prereq Overdue Task List Assignment Solution-Prefix.pch";
				INFOPLIST_FILE = "Prereq Overdue Task List Assignment Solution/Prereq Overdue Task List Assignment Solution-Info.plist";
				PRODUCT_NAME = "$(TARGET_NAME)";
				WRAPPER_EXTENSION = app;
			};
			name = Debug;
		};
		250C62371910DB6500A32C3F /* Release */ = {
			isa = XCBuildConfiguration;
			buildSettings = {
				ASSETCATALOG_COMPILER_APPICON_NAME = AppIcon;
				ASSETCATALOG_COMPILER_LAUNCHIMAGE_NAME = LaunchImage;
				GCC_PRECOMPILE_PREFIX_HEADER = YES;
				GCC_PREFIX_HEADER = "Prereq Overdue Task List Assignment Solution/Prereq Overdue Task List Assignment Solution-Prefix.pch";
				INFOPLIST_FILE = "Prereq Overdue Task List Assignment Solution/Prereq Overdue Task List Assignment Solution-Info.plist";
				PRODUCT_NAME = "$(TARGET_NAME)";
				WRAPPER_EXTENSION = app;
			};
			name = Release;
		};
		250C62391910DB6500A32C3F /* Debug */ = {
			isa = XCBuildConfiguration;
			buildSettings = {
				BUNDLE_LOADER = "$(BUILT_PRODUCTS_DIR)/Prereq Overdue Task List Assignment Solution.app/Prereq Overdue Task List Assignment Solution";
				FRAMEWORK_SEARCH_PATHS = (
					"$(SDKROOT)/Developer/Library/Frameworks",
					"$(inherited)",
					"$(DEVELOPER_FRAMEWORKS_DIR)",
				);
				GCC_PRECOMPILE_PREFIX_HEADER = YES;
				GCC_PREFIX_HEADER = "Prereq Overdue Task List Assignment Solution/Prereq Overdue Task List Assignment Solution-Prefix.pch";
				GCC_PREPROCESSOR_DEFINITIONS = (
					"DEBUG=1",
					"$(inherited)",
				);
				INFOPLIST_FILE = "Prereq Overdue Task List Assignment SolutionTests/Prereq Overdue Task List Assignment SolutionTests-Info.plist";
				PRODUCT_NAME = "$(TARGET_NAME)";
				TEST_HOST = "$(BUNDLE_LOADER)";
				WRAPPER_EXTENSION = xctest;
			};
			name = Debug;
		};
		250C623A1910DB6500A32C3F /* Release */ = {
			isa = XCBuildConfiguration;
			buildSettings = {
				BUNDLE_LOADER = "$(BUILT_PRODUCTS_DIR)/Prereq Overdue Task List Assignment Solution.app/Prereq Overdue Task List Assignment Solution";
				FRAMEWORK_SEARCH_PATHS = (
					"$(SDKROOT)/Developer/Library/Frameworks",
					"$(inherited)",
					"$(DEVELOPER_FRAMEWORKS_DIR)",
				);
				GCC_PRECOMPILE_PREFIX_HEADER = YES;
				GCC_PREFIX_HEADER = "Prereq Overdue Task List Assignment Solution/Prereq Overdue Task List Assignment Solution-Prefix.pch";
				INFOPLIST_FILE = "Prereq Overdue Task List Assignment SolutionTests/Prereq Overdue Task List Assignment SolutionTests-Info.plist";
				PRODUCT_NAME = "$(TARGET_NAME)";
				TEST_HOST = "$(BUNDLE_LOADER)";
				WRAPPER_EXTENSION = xctest;
			};
			name = Release;
		};
/* End XCBuildConfiguration section */

/* Begin XCConfigurationList section */
		250C61FE1910DB6400A32C3F /* Build configuration list for PBXProject "Prereq Overdue Task List Assignment Solution" */ = {
			isa = XCConfigurationList;
			buildConfigurations = (
				250C62331910DB6500A32C3F /* Debug */,
				250C62341910DB6500A32C3F /* Release */,
			);
			defaultConfigurationIsVisible = 0;
			defaultConfigurationName = Release;
		};
		250C62351910DB6500A32C3F /* Build configuration list for PBXNativeTarget "Prereq Overdue Task List Assignment Solution" */ = {
			isa = XCConfigurationList;
			buildConfigurations = (
				250C62361910DB6500A32C3F /* Debug */,
				250C62371910DB6500A32C3F /* Release */,
			);
			defaultConfigurationIsVisible = 0;
		};
		250C62381910DB6500A32C3F /* Build configuration list for PBXNativeTarget "Prereq Overdue Task List Assignment SolutionTests" */ = {
			isa = XCConfigurationList;
			buildConfigurations = (
				250C62391910DB6500A32C3F /* Debug */,
				250C623A1910DB6500A32C3F /* Release */,
			);
			defaultConfigurationIsVisible = 0;
		};
/* End XCConfigurationList section */
	};
	rootObject = 250C61FB1910DB6400A32C3F /* Project object */;
}
